
Microsoft Visual Studio Solution File, Format Version 11.00
# Visual Studio 2010
Project("{8BC9CEB8-8B4A-11D0-8D11-00A0C91BC942}") = "Data Structure2", "Data Structure2\Data Structure2.vcxproj", "{62A653C8-7BA3-4E7B-9E62-AB3FAA3DB09B}"
EndProject
Global
	GlobalSection(SolutionConfigurationPlatforms) = preSolution
		Debug|Win32 = Debug|Win32
		Release|Win32 = Release|Win32
	EndGlobalSection
	GlobalSection(ProjectConfigurationPlatforms) = postSolution
		{62A653C8-7BA3-4E7B-9E62-AB3FAA3DB09B}.Debug|Win32.ActiveCfg = Debug|Win32
		{62A653C8-7BA3-4E7B-9E62-AB3FAA3DB09B}.Debug|Win32.Build.0 = Debug|Win32
		{62A653C8-7BA3-4E7B-9E62-AB3FAA3DB09B}.Release|Win32.ActiveCfg = Release|Win32
		{62A653C8-7BA3-4E7B-9E62-AB3FAA3DB09B}.Release|Win32.Build.0 = Release|Win32
	EndGlobalSection
	GlobalSection(SolutionProperties) = preSolution
		HideSolutionNode = FALSE
	EndGlobalSection
EndGlobal
